
Microsoft Visual Studio Solution File, Format Version 12.00
# Visual Studio Version 17
VisualStudioVersion = 17.3.32922.545
MinimumVisualStudioVersion = 10.0.40219.1
Project("{FAE04EC0-301F-11D3-BF4B-00C04F79EFBC}") = "Game_clic", "Game_clic\Game_clic.csproj", "{DE33F28A-07DD-4E15-A404-906E14BA95DE}"
EndProject
Global
	GlobalSection(SolutionConfigurationPlatforms) = preSolution
		Debug|Any CPU = Debug|Any CPU
		Release|Any CPU = Release|Any CPU
	EndGlobalSection
	GlobalSection(ProjectConfigurationPlatforms) = postSolution
		{DE33F28A-07DD-4E15-A404-906E14BA95DE}.Debug|Any CPU.ActiveCfg = Debug|Any CPU
		{DE33F28A-07DD-4E15-A404-906E14BA95DE}.Debug|Any CPU.Build.0 = Debug|Any CPU
		{DE33F28A-07DD-4E15-A404-906E14BA95DE}.Release|Any CPU.ActiveCfg = Release|Any CPU
		{DE33F28A-07DD-4E15-A404-906E14BA95DE}.Release|Any CPU.Build.0 = Release|Any CPU
	EndGlobalSection
	GlobalSection(SolutionProperties) = preSolution
		HideSolutionNode = FALSE
	EndGlobalSection
	GlobalSection(ExtensibilityGlobals) = postSolution
		SolutionGuid = {B82E5A3A-12A2-4FA5-8D17-8D0E0DF3C7B8}
	EndGlobalSection
EndGlobal
